
Microsoft Visual Studio Solution File, Format Version 12.00
# Visual Studio Version 17
VisualStudioVersion = 17.8.34330.188
MinimumVisualStudioVersion = 10.0.40219.1
Project("{9A19103F-16F7-4668-BE54-9A1E7A4F7556}") = "FinanicalAccounts_ClientSide", "FinanicalAccountsClient\FinanicalAccounts_ClientSide.csproj", "{DDD8E50E-7FBC-41A0-B014-83CADFD46B39}"
EndProject
Global
	GlobalSection(SolutionConfigurationPlatforms) = preSolution
		Debug|Any CPU = Debug|Any CPU
		Release|Any CPU = Release|Any CPU
	EndGlobalSection
	GlobalSection(ProjectConfigurationPlatforms) = postSolution
		{DDD8E50E-7FBC-41A0-B014-83CADFD46B39}.Debug|Any CPU.ActiveCfg = Debug|Any CPU
		{DDD8E50E-7FBC-41A0-B014-83CADFD46B39}.Debug|Any CPU.Build.0 = Debug|Any CPU
		{DDD8E50E-7FBC-41A0-B014-83CADFD46B39}.Release|Any CPU.ActiveCfg = Release|Any CPU
		{DDD8E50E-7FBC-41A0-B014-83CADFD46B39}.Release|Any CPU.Build.0 = Release|Any CPU
	EndGlobalSection
	GlobalSection(SolutionProperties) = preSolution
		HideSolutionNode = FALSE
	EndGlobalSection
	GlobalSection(ExtensibilityGlobals) = postSolution
		SolutionGuid = {5EB5EC92-A91D-4528-8F9A-9022D9A058A6}
	EndGlobalSection
EndGlobal
